// !$*UTF8*$!
{
	archiveVersion = 1;
	classes = {
	};
	objectVersion = 55;
	objects = {

/* Begin PBXBuildFile section */
		46197516293C0111001E23AC /* launchSound.wav in Resources */ = {isa = PBXBuildFile; fileRef = 46197515293C0110001E23AC /* launchSound.wav */; };
		465AC2362939587000FF2649 /* SoundSwitchTableViewCell.swift in Sources */ = {isa = PBXBuildFile; fileRef = 465AC2352939587000FF2649 /* SoundSwitchTableViewCell.swift */; };
		465AC23A2939594800FF2649 /* LaunchScreenViewController.swift in Sources */ = {isa = PBXBuildFile; fileRef = 465AC2392939594800FF2649 /* LaunchScreenViewController.swift */; };
		46777E9B29380018005C0BF9 /* SettingsViewController.swift in Sources */ = {isa = PBXBuildFile; fileRef = 46777E9A29380018005C0BF9 /* SettingsViewController.swift */; };
		46777E9D2938006A005C0BF9 /* SettingsTableViewCell.swift in Sources */ = {isa = PBXBuildFile; fileRef = 46777E9C2938006A005C0BF9 /* SettingsTableViewCell.swift */; };
		46777E9F29380073005C0BF9 /* SwitchTableViewCell.swift in Sources */ = {isa = PBXBuildFile; fileRef = 46777E9E29380073005C0BF9 /* SwitchTableViewCell.swift */; };
		467F3796293C8DE20087F8A4 /* popupLocationViewController.swift in Sources */ = {isa = PBXBuildFile; fileRef = 467F3795293C8DE20087F8A4 /* popupLocationViewController.swift */; };
		467F379A293D1A5F0087F8A4 /* MapSwiftUIView.swift in Sources */ = {isa = PBXBuildFile; fileRef = 467F3799293D1A5F0087F8A4 /* MapSwiftUIView.swift */; };
		469F4B89293D2F620087B403 /* MapViewController.swift in Sources */ = {isa = PBXBuildFile; fileRef = 469F4B88293D2F620087B403 /* MapViewController.swift */; };
		469F4B8B293D626D0087B403 /* DirectionsViewController.swift in Sources */ = {isa = PBXBuildFile; fileRef = 469F4B8A293D626C0087B403 /* DirectionsViewController.swift */; };
		A24E406C29216238004717B2 /* AppDelegate.swift in Sources */ = {isa = PBXBuildFile; fileRef = A24E406B29216238004717B2 /* AppDelegate.swift */; };
		A24E406E29216238004717B2 /* SceneDelegate.swift in Sources */ = {isa = PBXBuildFile; fileRef = A24E406D29216238004717B2 /* SceneDelegate.swift */; };
		A24E407329216238004717B2 /* Main.storyboard in Resources */ = {isa = PBXBuildFile; fileRef = A24E407129216238004717B2 /* Main.storyboard */; };
		A24E407629216238004717B2 /* LonghornWalk.xcdatamodeld in Sources */ = {isa = PBXBuildFile; fileRef = A24E407429216238004717B2 /* LonghornWalk.xcdatamodeld */; };
		A24E407829216239004717B2 /* Assets.xcassets in Resources */ = {isa = PBXBuildFile; fileRef = A24E407729216239004717B2 /* Assets.xcassets */; };
		A24E407B29216239004717B2 /* LaunchScreen.storyboard in Resources */ = {isa = PBXBuildFile; fileRef = A24E407929216239004717B2 /* LaunchScreen.storyboard */; };
		A24E40832921677E004717B2 /* LoginAndRegistrationViewController.swift in Sources */ = {isa = PBXBuildFile; fileRef = A24E40822921677E004717B2 /* LoginAndRegistrationViewController.swift */; };
		A24E4087292167BD004717B2 /* RankingViewController.swift in Sources */ = {isa = PBXBuildFile; fileRef = A24E4086292167BD004717B2 /* RankingViewController.swift */; };
		A24E4089292167C8004717B2 /* LocationViewController.swift in Sources */ = {isa = PBXBuildFile; fileRef = A24E4088292167C8004717B2 /* LocationViewController.swift */; };
		A24E408B292167D6004717B2 /* UserProfileViewController.swift in Sources */ = {isa = PBXBuildFile; fileRef = A24E408A292167D6004717B2 /* UserProfileViewController.swift */; };
		A24E408D29218917004717B2 /* HomeScreenViewController.swift in Sources */ = {isa = PBXBuildFile; fileRef = A24E408C29218917004717B2 /* HomeScreenViewController.swift */; };
		A24E408F29219BF5004717B2 /* GoogleService-Info.plist in Resources */ = {isa = PBXBuildFile; fileRef = A24E408E29219BF4004717B2 /* GoogleService-Info.plist */; };
		A24E409E29219CCE004717B2 /* FirebaseAuth in Frameworks */ = {isa = PBXBuildFile; productRef = A24E409D29219CCE004717B2 /* FirebaseAuth */; };
		A24E40A429219CCF004717B2 /* FirebaseDatabase in Frameworks */ = {isa = PBXBuildFile; productRef = A24E40A329219CCF004717B2 /* FirebaseDatabase */; };
		A24E40A629219CCF004717B2 /* FirebaseDatabaseSwift in Frameworks */ = {isa = PBXBuildFile; productRef = A24E40A529219CCF004717B2 /* FirebaseDatabaseSwift */; };
		A24E40B029219CCF004717B2 /* FirebaseFunctions in Frameworks */ = {isa = PBXBuildFile; productRef = A24E40AF29219CCF004717B2 /* FirebaseFunctions */; };
		A24E40B229219CCF004717B2 /* FirebaseFunctionsCombine-Community in Frameworks */ = {isa = PBXBuildFile; productRef = A24E40B129219CCF004717B2 /* FirebaseFunctionsCombine-Community */; };
		A24E40BE29219CD0004717B2 /* FirebasePerformance in Frameworks */ = {isa = PBXBuildFile; productRef = A24E40BD29219CD0004717B2 /* FirebasePerformance */; };
		A24E40C429219CD0004717B2 /* FirebaseStorage in Frameworks */ = {isa = PBXBuildFile; productRef = A24E40C329219CD0004717B2 /* FirebaseStorage */; };
		A24E40C629219CD0004717B2 /* FirebaseStorageCombine-Community in Frameworks */ = {isa = PBXBuildFile; productRef = A24E40C529219CD0004717B2 /* FirebaseStorageCombine-Community */; };
		A2534E3F292D5EF700472521 /* FirebaseFirestore in Frameworks */ = {isa = PBXBuildFile; productRef = A2534E3E292D5EF700472521 /* FirebaseFirestore */; };
		CE03AA762931DB7D0091783C /* EditProfileViewController.swift in Sources */ = {isa = PBXBuildFile; fileRef = CE03AA752931DB7D0091783C /* EditProfileViewController.swift */; };
		CEAED7D1292DDECF007D87D2 /* UserProfile.swift in Sources */ = {isa = PBXBuildFile; fileRef = CEAED7D0292DDECE007D87D2 /* UserProfile.swift */; };
		F34237552935C11A009A477B /* myCellTableViewCell.swift in Sources */ = {isa = PBXBuildFile; fileRef = F34237542935C11A009A477B /* myCellTableViewCell.swift */; };
/* End PBXBuildFile section */

/* Begin PBXFileReference section */
		46197515293C0110001E23AC /* launchSound.wav */ = {isa = PBXFileReference; lastKnownFileType = audio.wav; path = launchSound.wav; sourceTree = "<group>"; };
		465AC2352939587000FF2649 /* SoundSwitchTableViewCell.swift */ = {isa = PBXFileReference; lastKnownFileType = sourcecode.swift; path = SoundSwitchTableViewCell.swift; sourceTree = "<group>"; };
		465AC2392939594800FF2649 /* LaunchScreenViewController.swift */ = {isa = PBXFileReference; lastKnownFileType = sourcecode.swift; path = LaunchScreenViewController.swift; sourceTree = "<group>"; };
		46777E9A29380018005C0BF9 /* SettingsViewController.swift */ = {isa = PBXFileReference; fileEncoding = 4; lastKnownFileType = sourcecode.swift; path = SettingsViewController.swift; sourceTree = "<group>"; };
		46777E9C2938006A005C0BF9 /* SettingsTableViewCell.swift */ = {isa = PBXFileReference; fileEncoding = 4; lastKnownFileType = sourcecode.swift; path = SettingsTableViewCell.swift; sourceTree = "<group>"; };
		46777E9E29380073005C0BF9 /* SwitchTableViewCell.swift */ = {isa = PBXFileReference; fileEncoding = 4; lastKnownFileType = sourcecode.swift; path = SwitchTableViewCell.swift; sourceTree = "<group>"; };
		467F3795293C8DE20087F8A4 /* popupLocationViewController.swift */ = {isa = PBXFileReference; lastKnownFileType = sourcecode.swift; path = popupLocationViewController.swift; sourceTree = "<group>"; };
		467F3799293D1A5F0087F8A4 /* MapSwiftUIView.swift */ = {isa = PBXFileReference; lastKnownFileType = sourcecode.swift; path = MapSwiftUIView.swift; sourceTree = "<group>"; };
		469F4B88293D2F620087B403 /* MapViewController.swift */ = {isa = PBXFileReference; lastKnownFileType = sourcecode.swift; path = MapViewController.swift; sourceTree = "<group>"; };
		469F4B8A293D626C0087B403 /* DirectionsViewController.swift */ = {isa = PBXFileReference; lastKnownFileType = sourcecode.swift; path = DirectionsViewController.swift; sourceTree = "<group>"; };
		A24E406829216238004717B2 /* LonghornWalk.app */ = {isa = PBXFileReference; explicitFileType = wrapper.application; includeInIndex = 0; path = LonghornWalk.app; sourceTree = BUILT_PRODUCTS_DIR; };
		A24E406B29216238004717B2 /* AppDelegate.swift */ = {isa = PBXFileReference; lastKnownFileType = sourcecode.swift; path = AppDelegate.swift; sourceTree = "<group>"; };
		A24E406D29216238004717B2 /* SceneDelegate.swift */ = {isa = PBXFileReference; lastKnownFileType = sourcecode.swift; path = SceneDelegate.swift; sourceTree = "<group>"; };
		A24E407229216238004717B2 /* Base */ = {isa = PBXFileReference; lastKnownFileType = file.storyboard; name = Base; path = Base.lproj/Main.storyboard; sourceTree = "<group>"; };
		A24E407529216238004717B2 /* LonghornWalk.xcdatamodel */ = {isa = PBXFileReference; lastKnownFileType = wrapper.xcdatamodel; path = LonghornWalk.xcdatamodel; sourceTree = "<group>"; };
		A24E407729216239004717B2 /* Assets.xcassets */ = {isa = PBXFileReference; lastKnownFileType = folder.assetcatalog; path = Assets.xcassets; sourceTree = "<group>"; };
		A24E407A29216239004717B2 /* Base */ = {isa = PBXFileReference; lastKnownFileType = file.storyboard; name = Base; path = Base.lproj/LaunchScreen.storyboard; sourceTree = "<group>"; };
		A24E407C29216239004717B2 /* Info.plist */ = {isa = PBXFileReference; lastKnownFileType = text.plist.xml; path = Info.plist; sourceTree = "<group>"; };
		A24E40822921677E004717B2 /* LoginAndRegistrationViewController.swift */ = {isa = PBXFileReference; lastKnownFileType = sourcecode.swift; path = LoginAndRegistrationViewController.swift; sourceTree = "<group>"; };
		A24E4086292167BD004717B2 /* RankingViewController.swift */ = {isa = PBXFileReference; lastKnownFileType = sourcecode.swift; path = RankingViewController.swift; sourceTree = "<group>"; };
		A24E4088292167C8004717B2 /* LocationViewController.swift */ = {isa = PBXFileReference; lastKnownFileType = sourcecode.swift; path = LocationViewController.swift; sourceTree = "<group>"; };
		A24E408A292167D6004717B2 /* UserProfileViewController.swift */ = {isa = PBXFileReference; lastKnownFileType = sourcecode.swift; path = UserProfileViewController.swift; sourceTree = "<group>"; };
		A24E408C29218917004717B2 /* HomeScreenViewController.swift */ = {isa = PBXFileReference; lastKnownFileType = sourcecode.swift; path = HomeScreenViewController.swift; sourceTree = "<group>"; };
		A24E408E29219BF4004717B2 /* GoogleService-Info.plist */ = {isa = PBXFileReference; fileEncoding = 4; lastKnownFileType = text.plist.xml; path = "GoogleService-Info.plist"; sourceTree = "<group>"; };
		CE03AA752931DB7D0091783C /* EditProfileViewController.swift */ = {isa = PBXFileReference; lastKnownFileType = sourcecode.swift; path = EditProfileViewController.swift; sourceTree = "<group>"; };
		CEAED7D0292DDECE007D87D2 /* UserProfile.swift */ = {isa = PBXFileReference; lastKnownFileType = sourcecode.swift; path = UserProfile.swift; sourceTree = "<group>"; };
		F34237542935C11A009A477B /* myCellTableViewCell.swift */ = {isa = PBXFileReference; lastKnownFileType = sourcecode.swift; path = myCellTableViewCell.swift; sourceTree = "<group>"; };
/* End PBXFileReference section */

/* Begin PBXFrameworksBuildPhase section */
		A24E406529216238004717B2 /* Frameworks */ = {
			isa = PBXFrameworksBuildPhase;
			buildActionMask = 2147483647;
			files = (
				A24E40A429219CCF004717B2 /* FirebaseDatabase in Frameworks */,
				A24E40B229219CCF004717B2 /* FirebaseFunctionsCombine-Community in Frameworks */,
				A24E409E29219CCE004717B2 /* FirebaseAuth in Frameworks */,
				A24E40A629219CCF004717B2 /* FirebaseDatabaseSwift in Frameworks */,
				A24E40B029219CCF004717B2 /* FirebaseFunctions in Frameworks */,
				A2534E3F292D5EF700472521 /* FirebaseFirestore in Frameworks */,
				A24E40C629219CD0004717B2 /* FirebaseStorageCombine-Community in Frameworks */,
				A24E40BE29219CD0004717B2 /* FirebasePerformance in Frameworks */,
				A24E40C429219CD0004717B2 /* FirebaseStorage in Frameworks */,
			);
			runOnlyForDeploymentPostprocessing = 0;
		};
/* End PBXFrameworksBuildPhase section */

/* Begin PBXGroup section */
		A24E405F29216238004717B2 = {
			isa = PBXGroup;
			children = (
				CEAED7D0292DDECE007D87D2 /* UserProfile.swift */,
				A24E406A29216238004717B2 /* LonghornWalk */,
				A24E406929216238004717B2 /* Products */,
				A2534E3D292D5EF700472521 /* Frameworks */,
			);
			sourceTree = "<group>";
		};
		A24E406929216238004717B2 /* Products */ = {
			isa = PBXGroup;
			children = (
				A24E406829216238004717B2 /* LonghornWalk.app */,
			);
			name = Products;
			sourceTree = "<group>";
		};
		A24E406A29216238004717B2 /* LonghornWalk */ = {
			isa = PBXGroup;
			children = (
				46197515293C0110001E23AC /* launchSound.wav */,
				A24E406B29216238004717B2 /* AppDelegate.swift */,
				A24E40822921677E004717B2 /* LoginAndRegistrationViewController.swift */,
				A24E408C29218917004717B2 /* HomeScreenViewController.swift */,
				A24E4086292167BD004717B2 /* RankingViewController.swift */,
				A24E4088292167C8004717B2 /* LocationViewController.swift */,
				A24E408A292167D6004717B2 /* UserProfileViewController.swift */,
				A24E406D29216238004717B2 /* SceneDelegate.swift */,
				CE03AA752931DB7D0091783C /* EditProfileViewController.swift */,
				46777E9A29380018005C0BF9 /* SettingsViewController.swift */,
				F34237542935C11A009A477B /* myCellTableViewCell.swift */,
				46777E9C2938006A005C0BF9 /* SettingsTableViewCell.swift */,
				46777E9E29380073005C0BF9 /* SwitchTableViewCell.swift */,
				465AC2352939587000FF2649 /* SoundSwitchTableViewCell.swift */,
				465AC2392939594800FF2649 /* LaunchScreenViewController.swift */,
				A24E407929216239004717B2 /* LaunchScreen.storyboard */,
				A24E407129216238004717B2 /* Main.storyboard */,
				469F4B88293D2F620087B403 /* MapViewController.swift */,
				467F3799293D1A5F0087F8A4 /* MapSwiftUIView.swift */,
				467F3795293C8DE20087F8A4 /* popupLocationViewController.swift */,
				469F4B8A293D626C0087B403 /* DirectionsViewController.swift */,
				A24E407729216239004717B2 /* Assets.xcassets */,
				A24E407C29216239004717B2 /* Info.plist */,
				A24E407429216238004717B2 /* LonghornWalk.xcdatamodeld */,
				A24E408E29219BF4004717B2 /* GoogleService-Info.plist */,
			);
			path = LonghornWalk;
			sourceTree = "<group>";
		};
		A2534E3D292D5EF700472521 /* Frameworks */ = {
			isa = PBXGroup;
			children = (
			);
			name = Frameworks;
			sourceTree = "<group>";
		};
/* End PBXGroup section */

/* Begin PBXNativeTarget section */
		A24E406729216238004717B2 /* LonghornWalk */ = {
			isa = PBXNativeTarget;
			buildConfigurationList = A24E407F29216239004717B2 /* Build configuration list for PBXNativeTarget "LonghornWalk" */;
			buildPhases = (
				A24E406429216238004717B2 /* Sources */,
				A24E406529216238004717B2 /* Frameworks */,
				A24E406629216238004717B2 /* Resources */,
			);
			buildRules = (
			);
			dependencies = (
			);
			name = LonghornWalk;
			packageProductDependencies = (
				A24E409D29219CCE004717B2 /* FirebaseAuth */,
				A24E40A329219CCF004717B2 /* FirebaseDatabase */,
				A24E40A529219CCF004717B2 /* FirebaseDatabaseSwift */,
				A24E40AF29219CCF004717B2 /* FirebaseFunctions */,
				A24E40B129219CCF004717B2 /* FirebaseFunctionsCombine-Community */,
				A24E40BD29219CD0004717B2 /* FirebasePerformance */,
				A24E40C329219CD0004717B2 /* FirebaseStorage */,
				A24E40C529219CD0004717B2 /* FirebaseStorageCombine-Community */,
				A2534E3E292D5EF700472521 /* FirebaseFirestore */,
			);
			productName = LonghornWalk;
			productReference = A24E406829216238004717B2 /* LonghornWalk.app */;
			productType = "com.apple.product-type.application";
		};
/* End PBXNativeTarget section */

/* Begin PBXProject section */
		A24E406029216238004717B2 /* Project object */ = {
			isa = PBXProject;
			attributes = {
				BuildIndependentTargetsInParallel = 1;
				LastSwiftUpdateCheck = 1410;
				LastUpgradeCheck = 1410;
				TargetAttributes = {
					A24E406729216238004717B2 = {
						CreatedOnToolsVersion = 14.1;
					};
				};
			};
			buildConfigurationList = A24E406329216238004717B2 /* Build configuration list for PBXProject "LonghornWalk" */;
			compatibilityVersion = "Xcode 13.0";
			developmentRegion = en;
			hasScannedForEncodings = 0;
			knownRegions = (
				en,
				Base,
			);
			mainGroup = A24E405F29216238004717B2;
			packageReferences = (
				A24E409029219CCE004717B2 /* XCRemoteSwiftPackageReference "firebase-ios-sdk" */,
			);
			productRefGroup = A24E406929216238004717B2 /* Products */;
			projectDirPath = "";
			projectRoot = "";
			targets = (
				A24E406729216238004717B2 /* LonghornWalk */,
			);
		};
/* End PBXProject section */

/* Begin PBXResourcesBuildPhase section */
		A24E406629216238004717B2 /* Resources */ = {
			isa = PBXResourcesBuildPhase;
			buildActionMask = 2147483647;
			files = (
				A24E407B29216239004717B2 /* LaunchScreen.storyboard in Resources */,
				A24E408F29219BF5004717B2 /* GoogleService-Info.plist in Resources */,
				A24E407829216239004717B2 /* Assets.xcassets in Resources */,
				A24E407329216238004717B2 /* Main.storyboard in Resources */,
				46197516293C0111001E23AC /* launchSound.wav in Resources */,
			);
			runOnlyForDeploymentPostprocessing = 0;
		};
/* End PBXResourcesBuildPhase section */

/* Begin PBXSourcesBuildPhase section */
		A24E406429216238004717B2 /* Sources */ = {
			isa = PBXSourcesBuildPhase;
			buildActionMask = 2147483647;
			files = (
				CE03AA762931DB7D0091783C /* EditProfileViewController.swift in Sources */,
				F34237552935C11A009A477B /* myCellTableViewCell.swift in Sources */,
				A24E40832921677E004717B2 /* LoginAndRegistrationViewController.swift in Sources */,
				467F379A293D1A5F0087F8A4 /* MapSwiftUIView.swift in Sources */,
				A24E406C29216238004717B2 /* AppDelegate.swift in Sources */,
				A24E4087292167BD004717B2 /* RankingViewController.swift in Sources */,
				46777E9D2938006A005C0BF9 /* SettingsTableViewCell.swift in Sources */,
				469F4B89293D2F620087B403 /* MapViewController.swift in Sources */,
				467F3796293C8DE20087F8A4 /* popupLocationViewController.swift in Sources */,
				A24E406E29216238004717B2 /* SceneDelegate.swift in Sources */,
				A24E408D29218917004717B2 /* HomeScreenViewController.swift in Sources */,
				A24E407629216238004717B2 /* LonghornWalk.xcdatamodeld in Sources */,
				46777E9F29380073005C0BF9 /* SwitchTableViewCell.swift in Sources */,
				465AC23A2939594800FF2649 /* LaunchScreenViewController.swift in Sources */,
				A24E408B292167D6004717B2 /* UserProfileViewController.swift in Sources */,
				CEAED7D1292DDECF007D87D2 /* UserProfile.swift in Sources */,
				469F4B8B293D626D0087B403 /* DirectionsViewController.swift in Sources */,
				465AC2362939587000FF2649 /* SoundSwitchTableViewCell.swift in Sources */,
				A24E4089292167C8004717B2 /* LocationViewController.swift in Sources */,
				46777E9B29380018005C0BF9 /* SettingsViewController.swift in Sources */,
			);
			runOnlyForDeploymentPostprocessing = 0;
		};
/* End PBXSourcesBuildPhase section */

/* Begin PBXVariantGroup section */
		A24E407129216238004717B2 /* Main.storyboard */ = {
			isa = PBXVariantGroup;
			children = (
				A24E407229216238004717B2 /* Base */,
			);
			name = Main.storyboard;
			sourceTree = "<group>";
		};
		A24E407929216239004717B2 /* LaunchScreen.storyboard */ = {
			isa = PBXVariantGroup;
			children = (
				A24E407A29216239004717B2 /* Base */,
			);
			name = LaunchScreen.storyboard;
			sourceTree = "<group>";
		};
/* End PBXVariantGroup section */

/* Begin XCBuildConfiguration section */
		A24E407D29216239004717B2 /* Debug */ = {
			isa = XCBuildConfiguration;
			buildSettings = {
				ALWAYS_SEARCH_USER_PATHS = NO;
				CLANG_ANALYZER_NONNULL = YES;
				CLANG_ANALYZER_NUMBER_OBJECT_CONVERSION = YES_AGGRESSIVE;
				CLANG_CXX_LANGUAGE_STANDARD = "gnu++20";
				CLANG_ENABLE_MODULES = YES;
				CLANG_ENABLE_OBJC_ARC = YES;
				CLANG_ENABLE_OBJC_WEAK = YES;
				CLANG_WARN_BLOCK_CAPTURE_AUTORELEASING = YES;
				CLANG_WARN_BOOL_CONVERSION = YES;
				CLANG_WARN_COMMA = YES;
				CLANG_WARN_CONSTANT_CONVERSION = YES;
				CLANG_WARN_DEPRECATED_OBJC_IMPLEMENTATIONS = YES;
				CLANG_WARN_DIRECT_OBJC_ISA_USAGE = YES_ERROR;
				CLANG_WARN_DOCUMENTATION_COMMENTS = YES;
				CLANG_WARN_EMPTY_BODY = YES;
				CLANG_WARN_ENUM_CONVERSION = YES;
				CLANG_WARN_INFINITE_RECURSION = YES;
				CLANG_WARN_INT_CONVERSION = YES;
				CLANG_WARN_NON_LITERAL_NULL_CONVERSION = YES;
				CLANG_WARN_OBJC_IMPLICIT_RETAIN_SELF = YES;
				CLANG_WARN_OBJC_LITERAL_CONVERSION = YES;
				CLANG_WARN_OBJC_ROOT_CLASS = YES_ERROR;
				CLANG_WARN_QUOTED_INCLUDE_IN_FRAMEWORK_HEADER = YES;
				CLANG_WARN_RANGE_LOOP_ANALYSIS = YES;
				CLANG_WARN_STRICT_PROTOTYPES = YES;
				CLANG_WARN_SUSPICIOUS_MOVE = YES;
				CLANG_WARN_UNGUARDED_AVAILABILITY = YES_AGGRESSIVE;
				CLANG_WARN_UNREACHABLE_CODE = YES;
				CLANG_WARN__DUPLICATE_METHOD_MATCH = YES;
				COPY_PHASE_STRIP = NO;
				DEBUG_INFORMATION_FORMAT = dwarf;
				ENABLE_STRICT_OBJC_MSGSEND = YES;
				ENABLE_TESTABILITY = YES;
				GCC_C_LANGUAGE_STANDARD = gnu11;
				GCC_DYNAMIC_NO_PIC = NO;
				GCC_NO_COMMON_BLOCKS = YES;
				GCC_OPTIMIZATION_LEVEL = 0;
				GCC_PREPROCESSOR_DEFINITIONS = (
					"DEBUG=1",
					"$(inherited)",
				);
				GCC_WARN_64_TO_32_BIT_CONVERSION = YES;
				GCC_WARN_ABOUT_RETURN_TYPE = YES_ERROR;
				GCC_WARN_UNDECLARED_SELECTOR = YES;
				GCC_WARN_UNINITIALIZED_AUTOS = YES_AGGRESSIVE;
				GCC_WARN_UNUSED_FUNCTION = YES;
				GCC_WARN_UNUSED_VARIABLE = YES;
				IPHONEOS_DEPLOYMENT_TARGET = 16.0;
				MTL_ENABLE_DEBUG_INFO = INCLUDE_SOURCE;
				MTL_FAST_MATH = YES;
				ONLY_ACTIVE_ARCH = YES;
				SDKROOT = iphoneos;
				SWIFT_ACTIVE_COMPILATION_CONDITIONS = DEBUG;
				SWIFT_OPTIMIZATION_LEVEL = "-Onone";
			};
			name = Debug;
		};
		A24E407E29216239004717B2 /* Release */ = {
			isa = XCBuildConfiguration;
			buildSettings = {
				ALWAYS_SEARCH_USER_PATHS = NO;
				CLANG_ANALYZER_NONNULL = YES;
				CLANG_ANALYZER_NUMBER_OBJECT_CONVERSION = YES_AGGRESSIVE;
				CLANG_CXX_LANGUAGE_STANDARD = "gnu++20";
				CLANG_ENABLE_MODULES = YES;
				CLANG_ENABLE_OBJC_ARC = YES;
				CLANG_ENABLE_OBJC_WEAK = YES;
				CLANG_WARN_BLOCK_CAPTURE_AUTORELEASING = YES;
				CLANG_WARN_BOOL_CONVERSION = YES;
				CLANG_WARN_COMMA = YES;
				CLANG_WARN_CONSTANT_CONVERSION = YES;
				CLANG_WARN_DEPRECATED_OBJC_IMPLEMENTATIONS = YES;
				CLANG_WARN_DIRECT_OBJC_ISA_USAGE = YES_ERROR;
				CLANG_WARN_DOCUMENTATION_COMMENTS = YES;
				CLANG_WARN_EMPTY_BODY = YES;
				CLANG_WARN_ENUM_CONVERSION = YES;
				CLANG_WARN_INFINITE_RECURSION = YES;
				CLANG_WARN_INT_CONVERSION = YES;
				CLANG_WARN_NON_LITERAL_NULL_CONVERSION = YES;
				CLANG_WARN_OBJC_IMPLICIT_RETAIN_SELF = YES;
				CLANG_WARN_OBJC_LITERAL_CONVERSION = YES;
				CLANG_WARN_OBJC_ROOT_CLASS = YES_ERROR;
				CLANG_WARN_QUOTED_INCLUDE_IN_FRAMEWORK_HEADER = YES;
				CLANG_WARN_RANGE_LOOP_ANALYSIS = YES;
				CLANG_WARN_STRICT_PROTOTYPES = YES;
				CLANG_WARN_SUSPICIOUS_MOVE = YES;
				CLANG_WARN_UNGUARDED_AVAILABILITY = YES_AGGRESSIVE;
				CLANG_WARN_UNREACHABLE_CODE = YES;
				CLANG_WARN__DUPLICATE_METHOD_MATCH = YES;
				COPY_PHASE_STRIP = NO;
				DEBUG_INFORMATION_FORMAT = "dwarf-with-dsym";
				ENABLE_NS_ASSERTIONS = NO;
				ENABLE_STRICT_OBJC_MSGSEND = YES;
				GCC_C_LANGUAGE_STANDARD = gnu11;
				GCC_NO_COMMON_BLOCKS = YES;
				GCC_WARN_64_TO_32_BIT_CONVERSION = YES;
				GCC_WARN_ABOUT_RETURN_TYPE = YES_ERROR;
				GCC_WARN_UNDECLARED_SELECTOR = YES;
				GCC_WARN_UNINITIALIZED_AUTOS = YES_AGGRESSIVE;
				GCC_WARN_UNUSED_FUNCTION = YES;
				GCC_WARN_UNUSED_VARIABLE = YES;
				IPHONEOS_DEPLOYMENT_TARGET = 16.0;
				MTL_ENABLE_DEBUG_INFO = NO;
				MTL_FAST_MATH = YES;
				SDKROOT = iphoneos;
				SWIFT_COMPILATION_MODE = wholemodule;
				SWIFT_OPTIMIZATION_LEVEL = "-O";
				VALIDATE_PRODUCT = YES;
			};
			name = Release;
		};
		A24E408029216239004717B2 /* Debug */ = {
			isa = XCBuildConfiguration;
			buildSettings = {
				ASSETCATALOG_COMPILER_APPICON_NAME = AppIcon;
				ASSETCATALOG_COMPILER_GLOBAL_ACCENT_COLOR_NAME = AccentColor;
				CODE_SIGN_STYLE = Automatic;
				CURRENT_PROJECT_VERSION = 1;
				DEVELOPMENT_TEAM = 8LQVQY95GT;
				GENERATE_INFOPLIST_FILE = YES;
				INFOPLIST_FILE = LonghornWalk/Info.plist;
				INFOPLIST_KEY_NSCameraUsageDescription = "This app wants to use your camera";
				INFOPLIST_KEY_NSLocationAlwaysUsageDescription = "This app wants to know your location";
				INFOPLIST_KEY_NSLocationWhenInUseUsageDescription = "This app wants to know your location";
				INFOPLIST_KEY_NSMotionUsageDescription = "We are using motion usage in order to track your step count.";
				INFOPLIST_KEY_UIApplicationSupportsIndirectInputEvents = YES;
				INFOPLIST_KEY_UILaunchStoryboardName = LaunchScreen;
				INFOPLIST_KEY_UIMainStoryboardFile = Main;
				INFOPLIST_KEY_UISupportedInterfaceOrientations_iPad = "UIInterfaceOrientationPortrait UIInterfaceOrientationPortraitUpsideDown UIInterfaceOrientationLandscapeLeft UIInterfaceOrientationLandscapeRight";
				INFOPLIST_KEY_UISupportedInterfaceOrientations_iPhone = "UIInterfaceOrientationPortrait UIInterfaceOrientationLandscapeLeft UIInterfaceOrientationLandscapeRight";
				IPHONEOS_DEPLOYMENT_TARGET = 13.0;
				LD_RUNPATH_SEARCH_PATHS = (
					"$(inherited)",
					"@executable_path/Frameworks",
				);
				MARKETING_VERSION = 1.0;
				PRODUCT_BUNDLE_IDENTIFIER = "Team-10.LonghornWalk2";
				PRODUCT_NAME = "$(TARGET_NAME)";
				SWIFT_EMIT_LOC_STRINGS = YES;
				SWIFT_VERSION = 5.0;
				TARGETED_DEVICE_FAMILY = "1,2";
			};
			name = Debug;
		};
		A24E408129216239004717B2 /* Release */ = {
			isa = XCBuildConfiguration;
			buildSettings = {
				ASSETCATALOG_COMPILER_APPICON_NAME = AppIcon;
				ASSETCATALOG_COMPILER_GLOBAL_ACCENT_COLOR_NAME = AccentColor;
				CODE_SIGN_STYLE = Automatic;
				CURRENT_PROJECT_VERSION = 1;
				DEVELOPMENT_TEAM = 8LQVQY95GT;
				GENERATE_INFOPLIST_FILE = YES;
				INFOPLIST_FILE = LonghornWalk/Info.plist;
				INFOPLIST_KEY_NSCameraUsageDescription = "This app wants to use your camera";
				INFOPLIST_KEY_NSLocationAlwaysUsageDescription = "This app wants to know your location";
				INFOPLIST_KEY_NSLocationWhenInUseUsageDescription = "This app wants to know your location";
				INFOPLIST_KEY_NSMotionUsageDescription = "We are using motion usage in order to track your step count.";
				INFOPLIST_KEY_UIApplicationSupportsIndirectInputEvents = YES;
				INFOPLIST_KEY_UILaunchStoryboardName = LaunchScreen;
				INFOPLIST_KEY_UIMainStoryboardFile = Main;
				INFOPLIST_KEY_UISupportedInterfaceOrientations_iPad = "UIInterfaceOrientationPortrait UIInterfaceOrientationPortraitUpsideDown UIInterfaceOrientationLandscapeLeft UIInterfaceOrientationLandscapeRight";
				INFOPLIST_KEY_UISupportedInterfaceOrientations_iPhone = "UIInterfaceOrientationPortrait UIInterfaceOrientationLandscapeLeft UIInterfaceOrientationLandscapeRight";
				IPHONEOS_DEPLOYMENT_TARGET = 13.0;
				LD_RUNPATH_SEARCH_PATHS = (
					"$(inherited)",
					"@executable_path/Frameworks",
				);
				MARKETING_VERSION = 1.0;
				PRODUCT_BUNDLE_IDENTIFIER = "Team-10.LonghornWalk2";
				PRODUCT_NAME = "$(TARGET_NAME)";
				SWIFT_EMIT_LOC_STRINGS = YES;
				SWIFT_VERSION = 5.0;
				TARGETED_DEVICE_FAMILY = "1,2";
			};
			name = Release;
		};
/* End XCBuildConfiguration section */

/* Begin XCConfigurationList section */
		A24E406329216238004717B2 /* Build configuration list for PBXProject "LonghornWalk" */ = {
			isa = XCConfigurationList;
			buildConfigurations = (
				A24E407D29216239004717B2 /* Debug */,
				A24E407E29216239004717B2 /* Release */,
			);
			defaultConfigurationIsVisible = 0;
			defaultConfigurationName = Release;
		};
		A24E407F29216239004717B2 /* Build configuration list for PBXNativeTarget "LonghornWalk" */ = {
			isa = XCConfigurationList;
			buildConfigurations = (
				A24E408029216239004717B2 /* Debug */,
				A24E408129216239004717B2 /* Release */,
			);
			defaultConfigurationIsVisible = 0;
			defaultConfigurationName = Release;
		};
/* End XCConfigurationList section */

/* Begin XCRemoteSwiftPackageReference section */
		A24E409029219CCE004717B2 /* XCRemoteSwiftPackageReference "firebase-ios-sdk" */ = {
			isa = XCRemoteSwiftPackageReference;
			repositoryURL = "https://github.com/firebase/firebase-ios-sdk";
			requirement = {
				kind = upToNextMajorVersion;
				minimumVersion = 9.0.0;
			};
		};
/* End XCRemoteSwiftPackageReference section */

/* Begin XCSwiftPackageProductDependency section */
		A24E409D29219CCE004717B2 /* FirebaseAuth */ = {
			isa = XCSwiftPackageProductDependency;
			package = A24E409029219CCE004717B2 /* XCRemoteSwiftPackageReference "firebase-ios-sdk" */;
			productName = FirebaseAuth;
		};
		A24E40A329219CCF004717B2 /* FirebaseDatabase */ = {
			isa = XCSwiftPackageProductDependency;
			package = A24E409029219CCE004717B2 /* XCRemoteSwiftPackageReference "firebase-ios-sdk" */;
			productName = FirebaseDatabase;
		};
		A24E40A529219CCF004717B2 /* FirebaseDatabaseSwift */ = {
			isa = XCSwiftPackageProductDependency;
			package = A24E409029219CCE004717B2 /* XCRemoteSwiftPackageReference "firebase-ios-sdk" */;
			productName = FirebaseDatabaseSwift;
		};
		A24E40AF29219CCF004717B2 /* FirebaseFunctions */ = {
			isa = XCSwiftPackageProductDependency;
			package = A24E409029219CCE004717B2 /* XCRemoteSwiftPackageReference "firebase-ios-sdk" */;
			productName = FirebaseFunctions;
		};
		A24E40B129219CCF004717B2 /* FirebaseFunctionsCombine-Community */ = {
			isa = XCSwiftPackageProductDependency;
			package = A24E409029219CCE004717B2 /* XCRemoteSwiftPackageReference "firebase-ios-sdk" */;
			productName = "FirebaseFunctionsCombine-Community";
		};
		A24E40BD29219CD0004717B2 /* FirebasePerformance */ = {
			isa = XCSwiftPackageProductDependency;
			package = A24E409029219CCE004717B2 /* XCRemoteSwiftPackageReference "firebase-ios-sdk" */;
			productName = FirebasePerformance;
		};
		A24E40C329219CD0004717B2 /* FirebaseStorage */ = {
			isa = XCSwiftPackageProductDependency;
			package = A24E409029219CCE004717B2 /* XCRemoteSwiftPackageReference "firebase-ios-sdk" */;
			productName = FirebaseStorage;
		};
		A24E40C529219CD0004717B2 /* FirebaseStorageCombine-Community */ = {
			isa = XCSwiftPackageProductDependency;
			package = A24E409029219CCE004717B2 /* XCRemoteSwiftPackageReference "firebase-ios-sdk" */;
			productName = "FirebaseStorageCombine-Community";
		};
		A2534E3E292D5EF700472521 /* FirebaseFirestore */ = {
			isa = XCSwiftPackageProductDependency;
			package = A24E409029219CCE004717B2 /* XCRemoteSwiftPackageReference "firebase-ios-sdk" */;
			productName = FirebaseFirestore;
		};
/* End XCSwiftPackageProductDependency section */

/* Begin XCVersionGroup section */
		A24E407429216238004717B2 /* LonghornWalk.xcdatamodeld */ = {
			isa = XCVersionGroup;
			children = (
				A24E407529216238004717B2 /* LonghornWalk.xcdatamodel */,
			);
			currentVersion = A24E407529216238004717B2 /* LonghornWalk.xcdatamodel */;
			path = LonghornWalk.xcdatamodeld;
			sourceTree = "<group>";
			versionGroupType = wrapper.xcdatamodel;
		};
/* End XCVersionGroup section */
	};
	rootObject = A24E406029216238004717B2 /* Project object */;
}
